<?xml version="1.0" encoding="utf-8"?>
<Project ToolsVersion="4.0" xmlns="http://schemas.microsoft.com/developer/msbuild/2003">
  <ItemGroup>
    <Filter Include="src">
      <UniqueIdentifier>{4FC737F1-C7A5-4376-A066-2A32D752A2FF}</UniqueIdentifier>
      <Extensions>cpp;c;cc;cxx;def;odl;idl;hpj;bat;asm;asmx</Extensions>
    </Filter>
    <Filter Include="stl_reader">
      <UniqueIdentifier>{0a716c2f-e8be-4a31-a343-40779fa988b8}</UniqueIdentifier>
    </Filter>
    <Filter Include="src\logger44">
      <UniqueIdentifier>{43977001-772b-45bc-975b-2eb19fb3ec53}</UniqueIdentifier>
    </Filter>
  </ItemGroup>
  <ItemGroup>
    <ClCompile Include="main.cpp">
      <Filter>src</Filter>
    </ClCompile>
    <ClCompile Include="CoreOld.cpp">
      <Filter>src\logger44</Filter>
    </ClCompile>
  </ItemGroup>
  <ItemGroup>
    <ClInclude Include="stl_reader.h">
      <Filter>stl_reader</Filter>
    </ClInclude>
    <ClInclude Include="STLNonManifold.h">
      <Filter>src</Filter>
    </ClInclude>
    <ClInclude Include="KDTree.h">
      <Filter>src</Filter>
    </ClInclude>
    <ClInclude Include="CoreOld.h">
      <Filter>src\logger44</Filter>
    </ClInclude>
    <ClInclude Include="argparser.hpp">
      <Filter>src</Filter>
    </ClInclude>
  </ItemGroup>
  <ItemGroup>
    <None Include="..\Readme.md" />
  </ItemGroup>
</Project>